
Microsoft Visual Studio Solution File, Format Version 12.00
# Visual Studio Version 17
VisualStudioVersion = 17.3.32929.385
MinimumVisualStudioVersion = 10.0.40219.1
Project("{FAE04EC0-301F-11D3-BF4B-00C04F79EFBC}") = "Meeting Room Reservation", "Meeting Room Reservation.csproj", "{63D321FD-BA2D-4EAD-8179-CAAA65A02DF3}"
EndProject
Global
	GlobalSection(SolutionConfigurationPlatforms) = preSolution
		Debug|Any CPU = Debug|Any CPU
		Release|Any CPU = Release|Any CPU
	EndGlobalSection
	GlobalSection(ProjectConfigurationPlatforms) = postSolution
		{63D321FD-BA2D-4EAD-8179-CAAA65A02DF3}.Debug|Any CPU.ActiveCfg = Debug|Any CPU
		{63D321FD-BA2D-4EAD-8179-CAAA65A02DF3}.Debug|Any CPU.Build.0 = Debug|Any CPU
		{63D321FD-BA2D-4EAD-8179-CAAA65A02DF3}.Release|Any CPU.ActiveCfg = Release|Any CPU
		{63D321FD-BA2D-4EAD-8179-CAAA65A02DF3}.Release|Any CPU.Build.0 = Release|Any CPU
	EndGlobalSection
	GlobalSection(SolutionProperties) = preSolution
		HideSolutionNode = FALSE
	EndGlobalSection
	GlobalSection(ExtensibilityGlobals) = postSolution
		SolutionGuid = {08045038-BEDA-4C20-937E-28E1A2F8D67D}
	EndGlobalSection
EndGlobal
